
Microsoft Visual Studio Solution File, Format Version 12.00
# Visual Studio Version 18
VisualStudioVersion = 18.7.11925.98
MinimumVisualStudioVersion = 10.0.40219.1
Project("{2150E333-8FDC-42A3-9474-1A3956D46DE8}") = "1.Core", "1.Core", "{1E524427-9DDA-4241-8A5F-01F0E0E152FC}"
EndProject
Project("{2150E333-8FDC-42A3-9474-1A3956D46DE8}") = "3.Endpoints", "3.Endpoints", "{81DE7253-0AB5-4E48-8614-759C04CAE244}"
EndProject
Project("{2150E333-8FDC-42A3-9474-1A3956D46DE8}") = "src", "src", "{0F1C1A26-926C-4719-9574-360E6E0FDBE6}"
EndProject
Project("{9A19103F-16F7-4668-BE54-9A1E7A4F7556}") = "Trading.Core.Domain", "src\1.Core\Trading.Core.Domain\Trading.Core.Domain.csproj", "{F9C803E2-0380-4A51-B680-7ADBEC12C6A6}"
EndProject
Project("{9A19103F-16F7-4668-BE54-9A1E7A4F7556}") = "Trading.Core.Contracts", "src\1.Core\Trading.Core.Contracts\Trading.Core.Contracts.csproj", "{95F79136-C06D-4181-84A7-FEBCD76EDAA7}"
EndProject
Project("{9A19103F-16F7-4668-BE54-9A1E7A4F7556}") = "Trading.Core.ApplicationService", "src\1.Core\Trading.Core.ApplicationService\Trading.Core.ApplicationService.csproj", "{66934AB3-A786-4DA8-9FB8-2B61297D3817}"
EndProject
Project("{9A19103F-16F7-4668-BE54-9A1E7A4F7556}") = "Trading.Endpoints.API", "src\3.Endpoints\Trading.Endpoints.API\Trading.Endpoints.API.csproj", "{C3F25BFC-4051-400F-8C8A-89F90D8FD0A0}"
EndProject
Project("{9A19103F-16F7-4668-BE54-9A1E7A4F7556}") = "Trading.Core.RequestResponse", "src\1.Core\Trading.Core.RequestResponse\Trading.Core.RequestResponse.csproj", "{0AAAEAEF-F91C-4F04-A317-D1082AE8AF2E}"
EndProject
Project("{9A19103F-16F7-4668-BE54-9A1E7A4F7556}") = "Trading.Core.Resources", "src\1.Core\Trading.Core.Resources\Trading.Core.Resources.csproj", "{3AF6986F-4117-46BB-B148-418F94FA5D07}"
EndProject
Project("{2150E333-8FDC-42A3-9474-1A3956D46DE8}") = "2.Infrastructure", "2.Infrastructure", "{CBDB2950-E3B3-4753-9A4B-23FBDBAAFEAD}"
EndProject
Project("{FAE04EC0-301F-11D3-BF4B-00C04F79EFBC}") = "Trading.Infrastructure.Caching.Redis", "src\2.Infrastructure\Trading.Infrastructure.Caching.Redis\Trading.Infrastructure.Caching.Redis.csproj", "{B2A2DCC3-9B9E-46AD-911E-A93057599680}"
EndProject
Project("{FAE04EC0-301F-11D3-BF4B-00C04F79EFBC}") = "Trading.Infrastructure.Messaging", "src\2.Infrastructure\Trading.Infrastructure.Messaging\Trading.Infrastructure.Messaging.csproj", "{E3EC09EE-0403-4A67-9753-E6C83B03C7D4}"
EndProject
Project("{FAE04EC0-301F-11D3-BF4B-00C04F79EFBC}") = "Trading.Infrastructure.TradingProviders", "src\2.Infrastructure\Trading.Infrastructure.TradingProviders\Trading.Infrastructure.TradingProviders.csproj", "{AEDC750F-D0EE-47F8-943D-520921DC78E6}"
EndProject
Project("{FAE04EC0-301F-11D3-BF4B-00C04F79EFBC}") = "Trading.Infrastructure.Tools", "src\2.Infrastructure\Trading.Infrastructure.Tools\Trading.Infrastructure.Tools.csproj", "{3E3E0128-1979-41DD-9FC7-683A3C72C45B}"
EndProject
Project("{FAE04EC0-301F-11D3-BF4B-00C04F79EFBC}") = "Trading.BackgroundWorker", "src\3.Endpoints\Trading.BackgroundWorker\Trading.BackgroundWorker.csproj", "{D71A6806-5FE2-4778-BFC7-C829F2AD886F}"
EndProject
Project("{2150E333-8FDC-42A3-9474-1A3956D46DE8}") = "4.test", "4.test", "{170CCAC4-1A59-485E-AF4D-CC281811D564}"
EndProject
Project("{FAE04EC0-301F-11D3-BF4B-00C04F79EFBC}") = "Trading.Tests", "src\4.Tests\Trading.Tests\Trading.Tests.csproj", "{8F5BEA1A-824A-4DE5-B79C-0CB59DC0C04D}"
EndProject
Project("{FAE04EC0-301F-11D3-BF4B-00C04F79EFBC}") = "Trading.Infrastructure.Persistence.Command", "src\2.Infrastructure\Trading.Infrastructure.Persistence.Command\Trading.Infrastructure.Persistence.Command.csproj", "{8D26F39B-971C-446A-92C4-422A35A05893}"
EndProject
Project("{FAE04EC0-301F-11D3-BF4B-00C04F79EFBC}") = "Trading.Infrastructure.Persistence.Query", "src\2.Infrastructure\Trading.Infrastructure.Persistence.Query\Trading.Infrastructure.Persistence.Query.csproj", "{3B3E422B-B3A8-460C-825E-4C7B1CE16EAB}"
EndProject
Global
	GlobalSection(SolutionConfigurationPlatforms) = preSolution
		Debug|Any CPU = Debug|Any CPU
		Release|Any CPU = Release|Any CPU
	EndGlobalSection
	GlobalSection(ProjectConfigurationPlatforms) = postSolution
		{F9C803E2-0380-4A51-B680-7ADBEC12C6A6}.Debug|Any CPU.ActiveCfg = Debug|Any CPU
		{F9C803E2-0380-4A51-B680-7ADBEC12C6A6}.Debug|Any CPU.Build.0 = Debug|Any CPU
		{F9C803E2-0380-4A51-B680-7ADBEC12C6A6}.Release|Any CPU.ActiveCfg = Release|Any CPU
		{F9C803E2-0380-4A51-B680-7ADBEC12C6A6}.Release|Any CPU.Build.0 = Release|Any CPU
		{95F79136-C06D-4181-84A7-FEBCD76EDAA7}.Debug|Any CPU.ActiveCfg = Debug|Any CPU
		{95F79136-C06D-4181-84A7-FEBCD76EDAA7}.Debug|Any CPU.Build.0 = Debug|Any CPU
		{95F79136-C06D-4181-84A7-FEBCD76EDAA7}.Release|Any CPU.ActiveCfg = Release|Any CPU
		{95F79136-C06D-4181-84A7-FEBCD76EDAA7}.Release|Any CPU.Build.0 = Release|Any CPU
		{66934AB3-A786-4DA8-9FB8-2B61297D3817}.Debug|Any CPU.ActiveCfg = Debug|Any CPU
		{66934AB3-A786-4DA8-9FB8-2B61297D3817}.Debug|Any CPU.Build.0 = Debug|Any CPU
		{66934AB3-A786-4DA8-9FB8-2B61297D3817}.Release|Any CPU.ActiveCfg = Release|Any CPU
		{66934AB3-A786-4DA8-9FB8-2B61297D3817}.Release|Any CPU.Build.0 = Release|Any CPU
		{C3F25BFC-4051-400F-8C8A-89F90D8FD0A0}.Debug|Any CPU.ActiveCfg = Debug|Any CPU
		{C3F25BFC-4051-400F-8C8A-89F90D8FD0A0}.Debug|Any CPU.Build.0 = Debug|Any CPU
		{C3F25BFC-4051-400F-8C8A-89F90D8FD0A0}.Release|Any CPU.ActiveCfg = Release|Any CPU
		{C3F25BFC-4051-400F-8C8A-89F90D8FD0A0}.Release|Any CPU.Build.0 = Release|Any CPU
		{0AAAEAEF-F91C-4F04-A317-D1082AE8AF2E}.Debug|Any CPU.ActiveCfg = Debug|Any CPU
		{0AAAEAEF-F91C-4F04-A317-D1082AE8AF2E}.Debug|Any CPU.Build.0 = Debug|Any CPU
		{0AAAEAEF-F91C-4F04-A317-D1082AE8AF2E}.Release|Any CPU.ActiveCfg = Release|Any CPU
		{0AAAEAEF-F91C-4F04-A317-D1082AE8AF2E}.Release|Any CPU.Build.0 = Release|Any CPU
		{3AF6986F-4117-46BB-B148-418F94FA5D07}.Debug|Any CPU.ActiveCfg = Debug|Any CPU
		{3AF6986F-4117-46BB-B148-418F94FA5D07}.Debug|Any CPU.Build.0 = Debug|Any CPU
		{3AF6986F-4117-46BB-B148-418F94FA5D07}.Release|Any CPU.ActiveCfg = Release|Any CPU
		{3AF6986F-4117-46BB-B148-418F94FA5D07}.Release|Any CPU.Build.0 = Release|Any CPU
		{B2A2DCC3-9B9E-46AD-911E-A93057599680}.Debug|Any CPU.ActiveCfg = Debug|Any CPU
		{B2A2DCC3-9B9E-46AD-911E-A93057599680}.Debug|Any CPU.Build.0 = Debug|Any CPU
		{B2A2DCC3-9B9E-46AD-911E-A93057599680}.Release|Any CPU.ActiveCfg = Release|Any CPU
		{B2A2DCC3-9B9E-46AD-911E-A93057599680}.Release|Any CPU.Build.0 = Release|Any CPU
		{E3EC09EE-0403-4A67-9753-E6C83B03C7D4}.Debug|Any CPU.ActiveCfg = Debug|Any CPU
		{E3EC09EE-0403-4A67-9753-E6C83B03C7D4}.Debug|Any CPU.Build.0 = Debug|Any CPU
		{E3EC09EE-0403-4A67-9753-E6C83B03C7D4}.Release|Any CPU.ActiveCfg = Release|Any CPU
		{E3EC09EE-0403-4A67-9753-E6C83B03C7D4}.Release|Any CPU.Build.0 = Release|Any CPU
		{AEDC750F-D0EE-47F8-943D-520921DC78E6}.Debug|Any CPU.ActiveCfg = Debug|Any CPU
		{AEDC750F-D0EE-47F8-943D-520921DC78E6}.Debug|Any CPU.Build.0 = Debug|Any CPU
		{AEDC750F-D0EE-47F8-943D-520921DC78E6}.Release|Any CPU.ActiveCfg = Release|Any CPU
		{AEDC750F-D0EE-47F8-943D-520921DC78E6}.Release|Any CPU.Build.0 = Release|Any CPU
		{3E3E0128-1979-41DD-9FC7-683A3C72C45B}.Debug|Any CPU.ActiveCfg = Debug|Any CPU
		{3E3E0128-1979-41DD-9FC7-683A3C72C45B}.Debug|Any CPU.Build.0 = Debug|Any CPU
		{3E3E0128-1979-41DD-9FC7-683A3C72C45B}.Release|Any CPU.ActiveCfg = Release|Any CPU
		{3E3E0128-1979-41DD-9FC7-683A3C72C45B}.Release|Any CPU.Build.0 = Release|Any CPU
		{D71A6806-5FE2-4778-BFC7-C829F2AD886F}.Debug|Any CPU.ActiveCfg = Debug|Any CPU
		{D71A6806-5FE2-4778-BFC7-C829F2AD886F}.Debug|Any CPU.Build.0 = Debug|Any CPU
		{D71A6806-5FE2-4778-BFC7-C829F2AD886F}.Release|Any CPU.ActiveCfg = Release|Any CPU
		{D71A6806-5FE2-4778-BFC7-C829F2AD886F}.Release|Any CPU.Build.0 = Release|Any CPU
		{8F5BEA1A-824A-4DE5-B79C-0CB59DC0C04D}.Debug|Any CPU.ActiveCfg = Debug|Any CPU
		{8F5BEA1A-824A-4DE5-B79C-0CB59DC0C04D}.Debug|Any CPU.Build.0 = Debug|Any CPU
		{8F5BEA1A-824A-4DE5-B79C-0CB59DC0C04D}.Release|Any CPU.ActiveCfg = Release|Any CPU
		{8F5BEA1A-824A-4DE5-B79C-0CB59DC0C04D}.Release|Any CPU.Build.0 = Release|Any CPU
		{8D26F39B-971C-446A-92C4-422A35A05893}.Debug|Any CPU.ActiveCfg = Debug|Any CPU
		{8D26F39B-971C-446A-92C4-422A35A05893}.Debug|Any CPU.Build.0 = Debug|Any CPU
		{8D26F39B-971C-446A-92C4-422A35A05893}.Release|Any CPU.ActiveCfg = Release|Any CPU
		{8D26F39B-971C-446A-92C4-422A35A05893}.Release|Any CPU.Build.0 = Release|Any CPU
		{3B3E422B-B3A8-460C-825E-4C7B1CE16EAB}.Debug|Any CPU.ActiveCfg = Debug|Any CPU
		{3B3E422B-B3A8-460C-825E-4C7B1CE16EAB}.Debug|Any CPU.Build.0 = Debug|Any CPU
		{3B3E422B-B3A8-460C-825E-4C7B1CE16EAB}.Release|Any CPU.ActiveCfg = Release|Any CPU
		{3B3E422B-B3A8-460C-825E-4C7B1CE16EAB}.Release|Any CPU.Build.0 = Release|Any CPU
	EndGlobalSection
	GlobalSection(SolutionProperties) = preSolution
		HideSolutionNode = FALSE
	EndGlobalSection
	GlobalSection(NestedProjects) = preSolution
		{1E524427-9DDA-4241-8A5F-01F0E0E152FC} = {0F1C1A26-926C-4719-9574-360E6E0FDBE6}
		{81DE7253-0AB5-4E48-8614-759C04CAE244} = {0F1C1A26-926C-4719-9574-360E6E0FDBE6}
		{F9C803E2-0380-4A51-B680-7ADBEC12C6A6} = {1E524427-9DDA-4241-8A5F-01F0E0E152FC}
		{95F79136-C06D-4181-84A7-FEBCD76EDAA7} = {1E524427-9DDA-4241-8A5F-01F0E0E152FC}
		{66934AB3-A786-4DA8-9FB8-2B61297D3817} = {1E524427-9DDA-4241-8A5F-01F0E0E152FC}
		{C3F25BFC-4051-400F-8C8A-89F90D8FD0A0} = {81DE7253-0AB5-4E48-8614-759C04CAE244}
		{0AAAEAEF-F91C-4F04-A317-D1082AE8AF2E} = {1E524427-9DDA-4241-8A5F-01F0E0E152FC}
		{3AF6986F-4117-46BB-B148-418F94FA5D07} = {1E524427-9DDA-4241-8A5F-01F0E0E152FC}
		{CBDB2950-E3B3-4753-9A4B-23FBDBAAFEAD} = {0F1C1A26-926C-4719-9574-360E6E0FDBE6}
		{B2A2DCC3-9B9E-46AD-911E-A93057599680} = {CBDB2950-E3B3-4753-9A4B-23FBDBAAFEAD}
		{E3EC09EE-0403-4A67-9753-E6C83B03C7D4} = {CBDB2950-E3B3-4753-9A4B-23FBDBAAFEAD}
		{AEDC750F-D0EE-47F8-943D-520921DC78E6} = {CBDB2950-E3B3-4753-9A4B-23FBDBAAFEAD}
		{3E3E0128-1979-41DD-9FC7-683A3C72C45B} = {CBDB2950-E3B3-4753-9A4B-23FBDBAAFEAD}
		{D71A6806-5FE2-4778-BFC7-C829F2AD886F} = {81DE7253-0AB5-4E48-8614-759C04CAE244}
		{170CCAC4-1A59-485E-AF4D-CC281811D564} = {0F1C1A26-926C-4719-9574-360E6E0FDBE6}
		{8F5BEA1A-824A-4DE5-B79C-0CB59DC0C04D} = {170CCAC4-1A59-485E-AF4D-CC281811D564}
		{8D26F39B-971C-446A-92C4-422A35A05893} = {CBDB2950-E3B3-4753-9A4B-23FBDBAAFEAD}
		{3B3E422B-B3A8-460C-825E-4C7B1CE16EAB} = {CBDB2950-E3B3-4753-9A4B-23FBDBAAFEAD}
	EndGlobalSection
	GlobalSection(ExtensibilityGlobals) = postSolution
		SolutionGuid = {07B7D400-5E74-48AF-A2B5-2FC92393384D}
	EndGlobalSection
EndGlobal
